// !$*UTF8*$!
{
	archiveVersion = 1;
	classes = {
	};
	objectVersion = 46;
	objects = {

/* Begin PBXBuildFile section */
		ED032DF61C54479900CEC13C /* MainViewController.swift in Sources */ = {isa = PBXBuildFile; fileRef = ED032DF51C54479900CEC13C /* MainViewController.swift */; };
		ED099BAC1C6D19160086DBB7 /* Model.xcdatamodeld in Sources */ = {isa = PBXBuildFile; fileRef = ED099BAA1C6D19160086DBB7 /* Model.xcdatamodeld */; };
		ED099BB01C6E70950086DBB7 /* SavedFormsViewController.swift in Sources */ = {isa = PBXBuildFile; fileRef = ED099BAF1C6E70950086DBB7 /* SavedFormsViewController.swift */; };
		ED24BEE91C52EAFC00AB628E /* CoursePickerViewController.swift in Sources */ = {isa = PBXBuildFile; fileRef = ED24BEE81C52EAFC00AB628E /* CoursePickerViewController.swift */; };
		ED61ADA31C543DDE00156324 /* CreditsViewController.swift in Sources */ = {isa = PBXBuildFile; fileRef = ED61ADA21C543DDE00156324 /* CreditsViewController.swift */; };
		ED8BAE4B1C48CF80003DD19D /* CourseAggregateViewController.swift in Sources */ = {isa = PBXBuildFile; fileRef = ED8BAE4A1C48CF80003DD19D /* CourseAggregateViewController.swift */; };
		ED8BAE4D1C48CFCA003DD19D /* FineAggregateController.swift in Sources */ = {isa = PBXBuildFile; fileRef = ED8BAE4C1C48CFCA003DD19D /* FineAggregateController.swift */; };
		EDB566CD1C558079006806B1 /* LaunchScreen.swift in Sources */ = {isa = PBXBuildFile; fileRef = EDB566CC1C558079006806B1 /* LaunchScreen.swift */; };
		EDE7C29C1C86BA0100CCF1EE /* SavedForms2ViewController.swift in Sources */ = {isa = PBXBuildFile; fileRef = EDE7C29B1C86BA0100CCF1EE /* SavedForms2ViewController.swift */; };
		EDE7EFEE1C4870F700177A8D /* AppDelegate.swift in Sources */ = {isa = PBXBuildFile; fileRef = EDE7EFED1C4870F700177A8D /* AppDelegate.swift */; };
		EDE7EFF31C4870F800177A8D /* Main.storyboard in Resources */ = {isa = PBXBuildFile; fileRef = EDE7EFF11C4870F800177A8D /* Main.storyboard */; };
		EDE7EFF51C4870F800177A8D /* Assets.xcassets in Resources */ = {isa = PBXBuildFile; fileRef = EDE7EFF41C4870F800177A8D /* Assets.xcassets */; };
		EDE7EFF81C4870F800177A8D /* LaunchScreen.storyboard in Resources */ = {isa = PBXBuildFile; fileRef = EDE7EFF61C4870F800177A8D /* LaunchScreen.storyboard */; };
		EDE7F0031C4870F800177A8D /* Sieve_AnalysisTests.swift in Sources */ = {isa = PBXBuildFile; fileRef = EDE7F0021C4870F800177A8D /* Sieve_AnalysisTests.swift */; };
		EDE7F00E1C4870F800177A8D /* Sieve_AnalysisUITests.swift in Sources */ = {isa = PBXBuildFile; fileRef = EDE7F00D1C4870F800177A8D /* Sieve_AnalysisUITests.swift */; };
/* End PBXBuildFile section */

/* Begin PBXContainerItemProxy section */
		EDE7EFFF1C4870F800177A8D /* PBXContainerItemProxy */ = {
			isa = PBXContainerItemProxy;
			containerPortal = EDE7EFE21C4870F700177A8D /* Project object */;
			proxyType = 1;
			remoteGlobalIDString = EDE7EFE91C4870F700177A8D;
			remoteInfo = "Sieve Analysis";
		};
		EDE7F00A1C4870F800177A8D /* PBXContainerItemProxy */ = {
			isa = PBXContainerItemProxy;
			containerPortal = EDE7EFE21C4870F700177A8D /* Project object */;
			proxyType = 1;
			remoteGlobalIDString = EDE7EFE91C4870F700177A8D;
			remoteInfo = "Sieve Analysis";
		};
/* End PBXContainerItemProxy section */

/* Begin PBXFileReference section */
		ED032DF51C54479900CEC13C /* MainViewController.swift */ = {isa = PBXFileReference; fileEncoding = 4; lastKnownFileType = sourcecode.swift; path = MainViewController.swift; sourceTree = "<group>"; };
		ED099BAB1C6D19160086DBB7 /* Model.xcdatamodel */ = {isa = PBXFileReference; lastKnownFileType = wrapper.xcdatamodel; path = Model.xcdatamodel; sourceTree = "<group>"; };
		ED099BAF1C6E70950086DBB7 /* SavedFormsViewController.swift */ = {isa = PBXFileReference; fileEncoding = 4; lastKnownFileType = sourcecode.swift; path = SavedFormsViewController.swift; sourceTree = "<group>"; };
		ED24BEE81C52EAFC00AB628E /* CoursePickerViewController.swift */ = {isa = PBXFileReference; fileEncoding = 4; lastKnownFileType = sourcecode.swift; path = CoursePickerViewController.swift; sourceTree = "<group>"; };
		ED61ADA21C543DDE00156324 /* CreditsViewController.swift */ = {isa = PBXFileReference; fileEncoding = 4; lastKnownFileType = sourcecode.swift; path = CreditsViewController.swift; sourceTree = "<group>"; };
		ED8BAE4A1C48CF80003DD19D /* CourseAggregateViewController.swift */ = {isa = PBXFileReference; fileEncoding = 4; lastKnownFileType = sourcecode.swift; path = CourseAggregateViewController.swift; sourceTree = "<group>"; };
		ED8BAE4C1C48CFCA003DD19D /* FineAggregateController.swift */ = {isa = PBXFileReference; fileEncoding = 4; lastKnownFileType = sourcecode.swift; path = FineAggregateController.swift; sourceTree = "<group>"; };
		EDB566CC1C558079006806B1 /* LaunchScreen.swift */ = {isa = PBXFileReference; fileEncoding = 4; lastKnownFileType = sourcecode.swift; path = LaunchScreen.swift; sourceTree = "<group>"; };
		EDE7C29B1C86BA0100CCF1EE /* SavedForms2ViewController.swift */ = {isa = PBXFileReference; fileEncoding = 4; lastKnownFileType = sourcecode.swift; path = SavedForms2ViewController.swift; sourceTree = "<group>"; };
		EDE7EFEA1C4870F700177A8D /* Sieve Analysis.app */ = {isa = PBXFileReference; explicitFileType = wrapper.application; includeInIndex = 0; path = "Sieve Analysis.app"; sourceTree = BUILT_PRODUCTS_DIR; };
		EDE7EFED1C4870F700177A8D /* AppDelegate.swift */ = {isa = PBXFileReference; lastKnownFileType = sourcecode.swift; path = AppDelegate.swift; sourceTree = "<group>"; };
		EDE7EFF21C4870F800177A8D /* Base */ = {isa = PBXFileReference; lastKnownFileType = file.storyboard; name = Base; path = Base.lproj/Main.storyboard; sourceTree = "<group>"; };
		EDE7EFF41C4870F800177A8D /* Assets.xcassets */ = {isa = PBXFileReference; lastKnownFileType = folder.assetcatalog; path = Assets.xcassets; sourceTree = "<group>"; };
		EDE7EFF71C4870F800177A8D /* Base */ = {isa = PBXFileReference; lastKnownFileType = file.storyboard; name = Base; path = Base.lproj/LaunchScreen.storyboard; sourceTree = "<group>"; };
		EDE7EFF91C4870F800177A8D /* Info.plist */ = {isa = PBXFileReference; lastKnownFileType = text.plist.xml; path = Info.plist; sourceTree = "<group>"; };
		EDE7EFFE1C4870F800177A8D /* Sieve AnalysisTests.xctest */ = {isa = PBXFileReference; explicitFileType = wrapper.cfbundle; includeInIndex = 0; path = "Sieve AnalysisTests.xctest"; sourceTree = BUILT_PRODUCTS_DIR; };
		EDE7F0021C4870F800177A8D /* Sieve_AnalysisTests.swift */ = {isa = PBXFileReference; lastKnownFileType = sourcecode.swift; path = Sieve_AnalysisTests.swift; sourceTree = "<group>"; };
		EDE7F0041C4870F800177A8D /* Info.plist */ = {isa = PBXFileReference; lastKnownFileType = text.plist.xml; path = Info.plist; sourceTree = "<group>"; };
		EDE7F0091C4870F800177A8D /* Sieve AnalysisUITests.xctest */ = {isa = PBXFileReference; explicitFileType = wrapper.cfbundle; includeInIndex = 0; path = "Sieve AnalysisUITests.xctest"; sourceTree = BUILT_PRODUCTS_DIR; };
		EDE7F00D1C4870F800177A8D /* Sieve_AnalysisUITests.swift */ = {isa = PBXFileReference; lastKnownFileType = sourcecode.swift; path = Sieve_AnalysisUITests.swift; sourceTree = "<group>"; };
		EDE7F00F1C4870F800177A8D /* Info.plist */ = {isa = PBXFileReference; lastKnownFileType = text.plist.xml; path = Info.plist; sourceTree = "<group>"; };
/* End PBXFileReference section */

/* Begin PBXFrameworksBuildPhase section */
		EDE7EFE71C4870F700177A8D /* Frameworks */ = {
			isa = PBXFrameworksBuildPhase;
			buildActionMask = 2147483647;
			files = (
			);
			runOnlyForDeploymentPostprocessing = 0;
		};
		EDE7EFFB1C4870F800177A8D /* Frameworks */ = {
			isa = PBXFrameworksBuildPhase;
			buildActionMask = 2147483647;
			files = (
			);
			runOnlyForDeploymentPostprocessing = 0;
		};
		EDE7F0061C4870F800177A8D /* Frameworks */ = {
			isa = PBXFrameworksBuildPhase;
			buildActionMask = 2147483647;
			files = (
			);
			runOnlyForDeploymentPostprocessing = 0;
		};
/* End PBXFrameworksBuildPhase section */

/* Begin PBXGroup section */
		ED099BAE1C6E705B0086DBB7 /* Saved Forms */ = {
			isa = PBXGroup;
			children = (
				ED099BAF1C6E70950086DBB7 /* SavedFormsViewController.swift */,
				EDE7C29B1C86BA0100CCF1EE /* SavedForms2ViewController.swift */,
			);
			name = "Saved Forms";
			path = ..;
			sourceTree = "<group>";
		};
		ED24BEEA1C52EB0800AB628E /* Course */ = {
			isa = PBXGroup;
			children = (
				ED8BAE4A1C48CF80003DD19D /* CourseAggregateViewController.swift */,
				ED24BEE81C52EAFC00AB628E /* CoursePickerViewController.swift */,
			);
			name = Course;
			sourceTree = "<group>";
		};
		ED24BEEB1C52EB4500AB628E /* Fine */ = {
			isa = PBXGroup;
			children = (
				ED8BAE4C1C48CFCA003DD19D /* FineAggregateController.swift */,
			);
			name = Fine;
			sourceTree = "<group>";
		};
		EDE7EFE11C4870F700177A8D = {
			isa = PBXGroup;
			children = (
				EDE7EFEC1C4870F700177A8D /* Sieve Analysis */,
				EDE7F0011C4870F800177A8D /* Sieve AnalysisTests */,
				EDE7F00C1C4870F800177A8D /* Sieve AnalysisUITests */,
				EDE7EFEB1C4870F700177A8D /* Products */,
			);
			sourceTree = "<group>";
		};
		EDE7EFEB1C4870F700177A8D /* Products */ = {
			isa = PBXGroup;
			children = (
				EDE7EFEA1C4870F700177A8D /* Sieve Analysis.app */,
				EDE7EFFE1C4870F800177A8D /* Sieve AnalysisTests.xctest */,
				EDE7F0091C4870F800177A8D /* Sieve AnalysisUITests.xctest */,
			);
			name = Products;
			sourceTree = "<group>";
		};
		EDE7EFEC1C4870F700177A8D /* Sieve Analysis */ = {
			isa = PBXGroup;
			children = (
				EDE7EFED1C4870F700177A8D /* AppDelegate.swift */,
				ED099BAA1C6D19160086DBB7 /* Model.xcdatamodeld */,
				EDE7EFF11C4870F800177A8D /* Main.storyboard */,
				EDE7EFF41C4870F800177A8D /* Assets.xcassets */,
				ED032DF51C54479900CEC13C /* MainViewController.swift */,
				EDE7EFF61C4870F800177A8D /* LaunchScreen.storyboard */,
				EDB566CC1C558079006806B1 /* LaunchScreen.swift */,
				EDE7EFF91C4870F800177A8D /* Info.plist */,
				ED61ADA21C543DDE00156324 /* CreditsViewController.swift */,
				ED24BEEA1C52EB0800AB628E /* Course */,
				ED099BAE1C6E705B0086DBB7 /* Saved Forms */,
				ED24BEEB1C52EB4500AB628E /* Fine */,
			);
			path = "Sieve Analysis";
			sourceTree = "<group>";
		};
		EDE7F0011C4870F800177A8D /* Sieve AnalysisTests */ = {
			isa = PBXGroup;
			children = (
				EDE7F0021C4870F800177A8D /* Sieve_AnalysisTests.swift */,
				EDE7F0041C4870F800177A8D /* Info.plist */,
			);
			path = "Sieve AnalysisTests";
			sourceTree = "<group>";
		};
		EDE7F00C1C4870F800177A8D /* Sieve AnalysisUITests */ = {
			isa = PBXGroup;
			children = (
				EDE7F00D1C4870F800177A8D /* Sieve_AnalysisUITests.swift */,
				EDE7F00F1C4870F800177A8D /* Info.plist */,
			);
			path = "Sieve AnalysisUITests";
			sourceTree = "<group>";
		};
/* End PBXGroup section */

/* Begin PBXNativeTarget section */
		EDE7EFE91C4870F700177A8D /* Sieve Analysis */ = {
			isa = PBXNativeTarget;
			buildConfigurationList = EDE7F0121C4870F800177A8D /* Build configuration list for PBXNativeTarget "Sieve Analysis" */;
			buildPhases = (
				EDE7EFE61C4870F700177A8D /* Sources */,
				EDE7EFE71C4870F700177A8D /* Frameworks */,
				EDE7EFE81C4870F700177A8D /* Resources */,
			);
			buildRules = (
			);
			dependencies = (
			);
			name = "Sieve Analysis";
			productName = "Sieve Analysis";
			productReference = EDE7EFEA1C4870F700177A8D /* Sieve Analysis.app */;
			productType = "com.apple.product-type.application";
		};
		EDE7EFFD1C4870F800177A8D /* Sieve AnalysisTests */ = {
			isa = PBXNativeTarget;
			buildConfigurationList = EDE7F0151C4870F800177A8D /* Build configuration list for PBXNativeTarget "Sieve AnalysisTests" */;
			buildPhases = (
				EDE7EFFA1C4870F800177A8D /* Sources */,
				EDE7EFFB1C4870F800177A8D /* Frameworks */,
				EDE7EFFC1C4870F800177A8D /* Resources */,
			);
			buildRules = (
			);
			dependencies = (
				EDE7F0001C4870F800177A8D /* PBXTargetDependency */,
			);
			name = "Sieve AnalysisTests";
			productName = "Sieve AnalysisTests";
			productReference = EDE7EFFE1C4870F800177A8D /* Sieve AnalysisTests.xctest */;
			productType = "com.apple.product-type.bundle.unit-test";
		};
		EDE7F0081C4870F800177A8D /* Sieve AnalysisUITests */ = {
			isa = PBXNativeTarget;
			buildConfigurationList = EDE7F0181C4870F800177A8D /* Build configuration list for PBXNativeTarget "Sieve AnalysisUITests" */;
			buildPhases = (
				EDE7F0051C4870F800177A8D /* Sources */,
				EDE7F0061C4870F800177A8D /* Frameworks */,
				EDE7F0071C4870F800177A8D /* Resources */,
			);
			buildRules = (
			);
			dependencies = (
				EDE7F00B1C4870F800177A8D /* PBXTargetDependency */,
			);
			name = "Sieve AnalysisUITests";
			productName = "Sieve AnalysisUITests";
			productReference = EDE7F0091C4870F800177A8D /* Sieve AnalysisUITests.xctest */;
			productType = "com.apple.product-type.bundle.ui-testing";
		};
/* End PBXNativeTarget section */

/* Begin PBXProject section */
		EDE7EFE21C4870F700177A8D /* Project object */ = {
			isa = PBXProject;
			attributes = {
				LastSwiftUpdateCheck = 0720;
				LastUpgradeCheck = 0720;
				ORGANIZATIONNAME = Snowcialite;
				TargetAttributes = {
					EDE7EFE91C4870F700177A8D = {
						CreatedOnToolsVersion = 7.2;
						DevelopmentTeam = HA5TU4C4T4;
					};
					EDE7EFFD1C4870F800177A8D = {
						CreatedOnToolsVersion = 7.2;
						DevelopmentTeam = GWARJ29EYF;
						TestTargetID = EDE7EFE91C4870F700177A8D;
					};
					EDE7F0081C4870F800177A8D = {
						CreatedOnToolsVersion = 7.2;
						DevelopmentTeam = GWARJ29EYF;
						TestTargetID = EDE7EFE91C4870F700177A8D;
					};
				};
			};
			buildConfigurationList = EDE7EFE51C4870F700177A8D /* Build configuration list for PBXProject "Sieve Analysis" */;
			compatibilityVersion = "Xcode 3.2";
			developmentRegion = English;
			hasScannedForEncodings = 0;
			knownRegions = (
				en,
				Base,
			);
			mainGroup = EDE7EFE11C4870F700177A8D;
			productRefGroup = EDE7EFEB1C4870F700177A8D /* Products */;
			projectDirPath = "";
			projectRoot = "";
			targets = (
				EDE7EFE91C4870F700177A8D /* Sieve Analysis */,
				EDE7EFFD1C4870F800177A8D /* Sieve AnalysisTests */,
				EDE7F0081C4870F800177A8D /* Sieve AnalysisUITests */,
			);
		};
/* End PBXProject section */

/* Begin PBXResourcesBuildPhase section */
		EDE7EFE81C4870F700177A8D /* Resources */ = {
			isa = PBXResourcesBuildPhase;
			buildActionMask = 2147483647;
			files = (
				EDE7EFF81C4870F800177A8D /* LaunchScreen.storyboard in Resources */,
				EDE7EFF51C4870F800177A8D /* Assets.xcassets in Resources */,
				EDE7EFF31C4870F800177A8D /* Main.storyboard in Resources */,
			);
			runOnlyForDeploymentPostprocessing = 0;
		};
		EDE7EFFC1C4870F800177A8D /* Resources */ = {
			isa = PBXResourcesBuildPhase;
			buildActionMask = 2147483647;
			files = (
			);
			runOnlyForDeploymentPostprocessing = 0;
		};
		EDE7F0071C4870F800177A8D /* Resources */ = {
			isa = PBXResourcesBuildPhase;
			buildActionMask = 2147483647;
			files = (
			);
			runOnlyForDeploymentPostprocessing = 0;
		};
/* End PBXResourcesBuildPhase section */

/* Begin PBXSourcesBuildPhase section */
		EDE7EFE61C4870F700177A8D /* Sources */ = {
			isa = PBXSourcesBuildPhase;
			buildActionMask = 2147483647;
			files = (
				ED8BAE4B1C48CF80003DD19D /* CourseAggregateViewController.swift in Sources */,
				ED8BAE4D1C48CFCA003DD19D /* FineAggregateController.swift in Sources */,
				ED24BEE91C52EAFC00AB628E /* CoursePickerViewController.swift in Sources */,
				ED099BB01C6E70950086DBB7 /* SavedFormsViewController.swift in Sources */,
				ED099BAC1C6D19160086DBB7 /* Model.xcdatamodeld in Sources */,
				EDE7C29C1C86BA0100CCF1EE /* SavedForms2ViewController.swift in Sources */,
				ED032DF61C54479900CEC13C /* MainViewController.swift in Sources */,
				EDE7EFEE1C4870F700177A8D /* AppDelegate.swift in Sources */,
				EDB566CD1C558079006806B1 /* LaunchScreen.swift in Sources */,
				ED61ADA31C543DDE00156324 /* CreditsViewController.swift in Sources */,
			);
			runOnlyForDeploymentPostprocessing = 0;
		};
		EDE7EFFA1C4870F800177A8D /* Sources */ = {
			isa = PBXSourcesBuildPhase;
			buildActionMask = 2147483647;
			files = (
				EDE7F0031C4870F800177A8D /* Sieve_AnalysisTests.swift in Sources */,
			);
			runOnlyForDeploymentPostprocessing = 0;
		};
		EDE7F0051C4870F800177A8D /* Sources */ = {
			isa = PBXSourcesBuildPhase;
			buildActionMask = 2147483647;
			files = (
				EDE7F00E1C4870F800177A8D /* Sieve_AnalysisUITests.swift in Sources */,
			);
			runOnlyForDeploymentPostprocessing = 0;
		};
/* End PBXSourcesBuildPhase section */

/* Begin PBXTargetDependency section */
		EDE7F0001C4870F800177A8D /* PBXTargetDependency */ = {
			isa = PBXTargetDependency;
			target = EDE7EFE91C4870F700177A8D /* Sieve Analysis */;
			targetProxy = EDE7EFFF1C4870F800177A8D /* PBXContainerItemProxy */;
		};
		EDE7F00B1C4870F800177A8D /* PBXTargetDependency */ = {
			isa = PBXTargetDependency;
			target = EDE7EFE91C4870F700177A8D /* Sieve Analysis */;
			targetProxy = EDE7F00A1C4870F800177A8D /* PBXContainerItemProxy */;
		};
/* End PBXTargetDependency section */

/* Begin PBXVariantGroup section */
		EDE7EFF11C4870F800177A8D /* Main.storyboard */ = {
			isa = PBXVariantGroup;
			children = (
				EDE7EFF21C4870F800177A8D /* Base */,
			);
			name = Main.storyboard;
			sourceTree = "<group>";
		};
		EDE7EFF61C4870F800177A8D /* LaunchScreen.storyboard */ = {
			isa = PBXVariantGroup;
			children = (
				EDE7EFF71C4870F800177A8D /* Base */,
			);
			name = LaunchScreen.storyboard;
			sourceTree = "<group>";
		};
/* End PBXVariantGroup section */

/* Begin XCBuildConfiguration section */
		EDE7F0101C4870F800177A8D /* Debug */ = {
			isa = XCBuildConfiguration;
			buildSettings = {
				ALWAYS_SEARCH_USER_PATHS = NO;
				CLANG_CXX_LANGUAGE_STANDARD = "gnu++0x";
				CLANG_CXX_LIBRARY = "libc++";
				CLANG_ENABLE_MODULES = YES;
				CLANG_ENABLE_OBJC_ARC = YES;
				CLANG_WARN_BOOL_CONVERSION = YES;
				CLANG_WARN_CONSTANT_CONVERSION = YES;
				CLANG_WARN_DIRECT_OBJC_ISA_USAGE = YES_ERROR;
				CLANG_WARN_EMPTY_BODY = YES;
				CLANG_WARN_ENUM_CONVERSION = YES;
				CLANG_WARN_INT_CONVERSION = YES;
				CLANG_WARN_OBJC_ROOT_CLASS = YES_ERROR;
				CLANG_WARN_UNREACHABLE_CODE = YES;
				CLANG_WARN__DUPLICATE_METHOD_MATCH = YES;
				"CODE_SIGN_IDENTITY[sdk=iphoneos*]" = "iPhone Developer";
				COPY_PHASE_STRIP = NO;
				DEBUG_INFORMATION_FORMAT = dwarf;
				ENABLE_STRICT_OBJC_MSGSEND = YES;
				ENABLE_TESTABILITY = YES;
				GCC_C_LANGUAGE_STANDARD = gnu99;
				GCC_DYNAMIC_NO_PIC = NO;
				GCC_NO_COMMON_BLOCKS = YES;
				GCC_OPTIMIZATION_LEVEL = 0;
				GCC_PREPROCESSOR_DEFINITIONS = (
					"DEBUG=1",
					"$(inherited)",
				);
				GCC_WARN_64_TO_32_BIT_CONVERSION = YES;
				GCC_WARN_ABOUT_RETURN_TYPE = YES_ERROR;
				GCC_WARN_UNDECLARED_SELECTOR = YES;
				GCC_WARN_UNINITIALIZED_AUTOS = YES_AGGRESSIVE;
				GCC_WARN_UNUSED_FUNCTION = YES;
				GCC_WARN_UNUSED_VARIABLE = YES;
				IPHONEOS_DEPLOYMENT_TARGET = 9.2;
				MTL_ENABLE_DEBUG_INFO = YES;
				ONLY_ACTIVE_ARCH = YES;
				SDKROOT = iphoneos;
				SWIFT_OPTIMIZATION_LEVEL = "-Onone";
				TARGETED_DEVICE_FAMILY = "1,2";
			};
			name = Debug;
		};
		EDE7F0111C4870F800177A8D /* Release */ = {
			isa = XCBuildConfiguration;
			buildSettings = {
				ALWAYS_SEARCH_USER_PATHS = NO;
				CLANG_CXX_LANGUAGE_STANDARD = "gnu++0x";
				CLANG_CXX_LIBRARY = "libc++";
				CLANG_ENABLE_MODULES = YES;
				CLANG_ENABLE_OBJC_ARC = YES;
				CLANG_WARN_BOOL_CONVERSION = YES;
				CLANG_WARN_CONSTANT_CONVERSION = YES;
				CLANG_WARN_DIRECT_OBJC_ISA_USAGE = YES_ERROR;
				CLANG_WARN_EMPTY_BODY = YES;
				CLANG_WARN_ENUM_CONVERSION = YES;
				CLANG_WARN_INT_CONVERSION = YES;
				CLANG_WARN_OBJC_ROOT_CLASS = YES_ERROR;
				CLANG_WARN_UNREACHABLE_CODE = YES;
				CLANG_WARN__DUPLICATE_METHOD_MATCH = YES;
				"CODE_SIGN_IDENTITY[sdk=iphoneos*]" = "iPhone Developer";
				COPY_PHASE_STRIP = NO;
				DEBUG_INFORMATION_FORMAT = "dwarf-with-dsym";
				ENABLE_NS_ASSERTIONS = NO;
				ENABLE_STRICT_OBJC_MSGSEND = YES;
				GCC_C_LANGUAGE_STANDARD = gnu99;
				GCC_NO_COMMON_BLOCKS = YES;
				GCC_WARN_64_TO_32_BIT_CONVERSION = YES;
				GCC_WARN_ABOUT_RETURN_TYPE = YES_ERROR;
				GCC_WARN_UNDECLARED_SELECTOR = YES;
				GCC_WARN_UNINITIALIZED_AUTOS = YES_AGGRESSIVE;
				GCC_WARN_UNUSED_FUNCTION = YES;
				GCC_WARN_UNUSED_VARIABLE = YES;
				IPHONEOS_DEPLOYMENT_TARGET = 9.2;
				MTL_ENABLE_DEBUG_INFO = NO;
				SDKROOT = iphoneos;
				TARGETED_DEVICE_FAMILY = "1,2";
				VALIDATE_PRODUCT = YES;
			};
			name = Release;
		};
		EDE7F0131C4870F800177A8D /* Debug */ = {
			isa = XCBuildConfiguration;
			buildSettings = {
				ASSETCATALOG_COMPILER_APPICON_NAME = AppIcon;
				CODE_SIGN_IDENTITY = "iPhone Developer";
				INFOPLIST_FILE = "Sieve Analysis/Info.plist";
				IPHONEOS_DEPLOYMENT_TARGET = 8.0;
				LD_RUNPATH_SEARCH_PATHS = "$(inherited) @executable_path/Frameworks";
				PRODUCT_BUNDLE_IDENTIFIER = "com.SonLoku.Sieve-Analysis";
				PRODUCT_NAME = "$(TARGET_NAME)";
				TARGETED_DEVICE_FAMILY = "1,2";
			};
			name = Debug;
		};
		EDE7F0141C4870F800177A8D /* Release */ = {
			isa = XCBuildConfiguration;
			buildSettings = {
				ASSETCATALOG_COMPILER_APPICON_NAME = AppIcon;
				CODE_SIGN_IDENTITY = "iPhone Developer";
				INFOPLIST_FILE = "Sieve Analysis/Info.plist";
				IPHONEOS_DEPLOYMENT_TARGET = 8.0;
				LD_RUNPATH_SEARCH_PATHS = "$(inherited) @executable_path/Frameworks";
				PRODUCT_BUNDLE_IDENTIFIER = "com.SonLoku.Sieve-Analysis";
				PRODUCT_NAME = "$(TARGET_NAME)";
				TARGETED_DEVICE_FAMILY = "1,2";
			};
			name = Release;
		};
		EDE7F0161C4870F800177A8D /* Debug */ = {
			isa = XCBuildConfiguration;
			buildSettings = {
				BUNDLE_LOADER = "$(TEST_HOST)";
				INFOPLIST_FILE = "Sieve AnalysisTests/Info.plist";
				LD_RUNPATH_SEARCH_PATHS = "$(inherited) @executable_path/Frameworks @loader_path/Frameworks";
				PRODUCT_BUNDLE_IDENTIFIER = "com.snowcialite.Sieve-AnalysisTests";
				PRODUCT_NAME = "$(TARGET_NAME)";
				TEST_HOST = "$(BUILT_PRODUCTS_DIR)/Sieve Analysis.app/Sieve Analysis";
			};
			name = Debug;
		};
		EDE7F0171C4870F800177A8D /* Release */ = {
			isa = XCBuildConfiguration;
			buildSettings = {
				BUNDLE_LOADER = "$(TEST_HOST)";
				INFOPLIST_FILE = "Sieve AnalysisTests/Info.plist";
				LD_RUNPATH_SEARCH_PATHS = "$(inherited) @executable_path/Frameworks @loader_path/Frameworks";
				PRODUCT_BUNDLE_IDENTIFIER = "com.snowcialite.Sieve-AnalysisTests";
				PRODUCT_NAME = "$(TARGET_NAME)";
				TEST_HOST = "$(BUILT_PRODUCTS_DIR)/Sieve Analysis.app/Sieve Analysis";
			};
			name = Release;
		};
		EDE7F0191C4870F800177A8D /* Debug */ = {
			isa = XCBuildConfiguration;
			buildSettings = {
				INFOPLIST_FILE = "Sieve AnalysisUITests/Info.plist";
				LD_RUNPATH_SEARCH_PATHS = "$(inherited) @executable_path/Frameworks @loader_path/Frameworks";
				PRODUCT_BUNDLE_IDENTIFIER = "com.snowcialite.Sieve-AnalysisUITests";
				PRODUCT_NAME = "$(TARGET_NAME)";
				TEST_TARGET_NAME = "Sieve Analysis";
				USES_XCTRUNNER = YES;
			};
			name = Debug;
		};
		EDE7F01A1C4870F800177A8D /* Release */ = {
			isa = XCBuildConfiguration;
			buildSettings = {
				INFOPLIST_FILE = "Sieve AnalysisUITests/Info.plist";
				LD_RUNPATH_SEARCH_PATHS = "$(inherited) @executable_path/Frameworks @loader_path/Frameworks";
				PRODUCT_BUNDLE_IDENTIFIER = "com.snowcialite.Sieve-AnalysisUITests";
				PRODUCT_NAME = "$(TARGET_NAME)";
				TEST_TARGET_NAME = "Sieve Analysis";
				USES_XCTRUNNER = YES;
			};
			name = Release;
		};
/* End XCBuildConfiguration section */

/* Begin XCConfigurationList section */
		EDE7EFE51C4870F700177A8D /* Build configuration list for PBXProject "Sieve Analysis" */ = {
			isa = XCConfigurationList;
			buildConfigurations = (
				EDE7F0101C4870F800177A8D /* Debug */,
				EDE7F0111C4870F800177A8D /* Release */,
			);
			defaultConfigurationIsVisible = 0;
			defaultConfigurationName = Release;
		};
		EDE7F0121C4870F800177A8D /* Build configuration list for PBXNativeTarget "Sieve Analysis" */ = {
			isa = XCConfigurationList;
			buildConfigurations = (
				EDE7F0131C4870F800177A8D /* Debug */,
				EDE7F0141C4870F800177A8D /* Release */,
			);
			defaultConfigurationIsVisible = 0;
			defaultConfigurationName = Release;
		};
		EDE7F0151C4870F800177A8D /* Build configuration list for PBXNativeTarget "Sieve AnalysisTests" */ = {
			isa = XCConfigurationList;
			buildConfigurations = (
				EDE7F0161C4870F800177A8D /* Debug */,
				EDE7F0171C4870F800177A8D /* Release */,
			);
			defaultConfigurationIsVisible = 0;
			defaultConfigurationName = Release;
		};
		EDE7F0181C4870F800177A8D /* Build configuration list for PBXNativeTarget "Sieve AnalysisUITests" */ = {
			isa = XCConfigurationList;
			buildConfigurations = (
				EDE7F0191C4870F800177A8D /* Debug */,
				EDE7F01A1C4870F800177A8D /* Release */,
			);
			defaultConfigurationIsVisible = 0;
			defaultConfigurationName = Release;
		};
/* End XCConfigurationList section */

/* Begin XCVersionGroup section */
		ED099BAA1C6D19160086DBB7 /* Model.xcdatamodeld */ = {
			isa = XCVersionGroup;
			children = (
				ED099BAB1C6D19160086DBB7 /* Model.xcdatamodel */,
			);
			currentVersion = ED099BAB1C6D19160086DBB7 /* Model.xcdatamodel */;
			path = Model.xcdatamodeld;
			sourceTree = "<group>";
			versionGroupType = wrapper.xcdatamodel;
		};
/* End XCVersionGroup section */
	};
	rootObject = EDE7EFE21C4870F700177A8D /* Project object */;
}
